
Microsoft Visual Studio Solution File, Format Version 12.00
# Visual Studio 2013
VisualStudioVersion = 12.0.40629.0
MinimumVisualStudioVersion = 10.0.40219.1
Project("{F184B08F-C81C-45F6-A57F-5ABD9991F28F}") = "sudokou", "WindowsApplication2\sudokou.vbproj", "{9589DE99-50C1-4557-B633-65E5B10E9B52}"
EndProject
Project("{54435603-DBB4-11D2-8724-00A0C9A8B90C}") = "Mgdd_sudoku", "Mgdd_sudoku-Setup\Mgdd_sudoku-Setup.vdproj", "{1D717879-ADF7-4837-8772-8A1025C73230}"
EndProject
Global
	GlobalSection(SolutionConfigurationPlatforms) = preSolution
		Debug|Any CPU = Debug|Any CPU
		Release|Any CPU = Release|Any CPU
	EndGlobalSection
	GlobalSection(ProjectConfigurationPlatforms) = postSolution
		{9589DE99-50C1-4557-B633-65E5B10E9B52}.Debug|Any CPU.ActiveCfg = Debug|Any CPU
		{9589DE99-50C1-4557-B633-65E5B10E9B52}.Debug|Any CPU.Build.0 = Debug|Any CPU
		{9589DE99-50C1-4557-B633-65E5B10E9B52}.Release|Any CPU.ActiveCfg = Release|Any CPU
		{9589DE99-50C1-4557-B633-65E5B10E9B52}.Release|Any CPU.Build.0 = Release|Any CPU
		{1D717879-ADF7-4837-8772-8A1025C73230}.Debug|Any CPU.ActiveCfg = Debug
		{1D717879-ADF7-4837-8772-8A1025C73230}.Release|Any CPU.ActiveCfg = Release
	EndGlobalSection
	GlobalSection(SolutionProperties) = preSolution
		HideSolutionNode = FALSE
	EndGlobalSection
EndGlobal
